
Microsoft Visual Studio Solution File, Format Version 12.00
# Visual Studio Version 17
VisualStudioVersion = 17.5.33424.131
MinimumVisualStudioVersion = 10.0.40219.1
Project("{FAE04EC0-301F-11D3-BF4B-00C04F79EFBC}") = "JogoDaVelha", "JogoDaVelha\JogoDaVelha.csproj", "{4C8D58E2-3D38-4866-BD33-D53A1DE59727}"
EndProject
Global
	GlobalSection(SolutionConfigurationPlatforms) = preSolution
		Debug|Any CPU = Debug|Any CPU
		Release|Any CPU = Release|Any CPU
	EndGlobalSection
	GlobalSection(ProjectConfigurationPlatforms) = postSolution
		{4C8D58E2-3D38-4866-BD33-D53A1DE59727}.Debug|Any CPU.ActiveCfg = Debug|Any CPU
		{4C8D58E2-3D38-4866-BD33-D53A1DE59727}.Debug|Any CPU.Build.0 = Debug|Any CPU
		{4C8D58E2-3D38-4866-BD33-D53A1DE59727}.Release|Any CPU.ActiveCfg = Release|Any CPU
		{4C8D58E2-3D38-4866-BD33-D53A1DE59727}.Release|Any CPU.Build.0 = Release|Any CPU
	EndGlobalSection
	GlobalSection(SolutionProperties) = preSolution
		HideSolutionNode = FALSE
	EndGlobalSection
	GlobalSection(ExtensibilityGlobals) = postSolution
		SolutionGuid = {9A1578BD-0FED-486F-92BA-EBDF57FE8A21}
	EndGlobalSection
EndGlobal
